
Microsoft Visual Studio Solution File, Format Version 12.00
# Visual Studio Version 17
VisualStudioVersion = 17.9.34723.18
MinimumVisualStudioVersion = 10.0.40219.1
Project("{9A19103F-16F7-4668-BE54-9A1E7A4F7556}") = "ExtracaoRelatorios", "ExtracaoRelatorios\ExtracaoRelatorios.csproj", "{08F755D1-D996-4109-B879-506F9B13DDDC}"
EndProject
Project("{9A19103F-16F7-4668-BE54-9A1E7A4F7556}") = "Models", "..\GeracaoDados\Models\Models.csproj", "{3D2FF8E7-1556-4E5D-A9DC-1A7C72100952}"
EndProject
Project("{FAE04EC0-301F-11D3-BF4B-00C04F79EFBC}") = "Repositories", "Repositories\Repositories.csproj", "{C16C3F82-20A2-462F-8F34-FE524FFBC5A0}"
EndProject
Project("{FAE04EC0-301F-11D3-BF4B-00C04F79EFBC}") = "Services", "Services\Services.csproj", "{CD57DAC6-DD61-4C93-8F28-5AED046238CE}"
EndProject
Project("{FAE04EC0-301F-11D3-BF4B-00C04F79EFBC}") = "Controllers", "Controllers\Controllers.csproj", "{5BB0745A-ABAE-4626-9BC2-C4787925A96B}"
EndProject
Global
	GlobalSection(SolutionConfigurationPlatforms) = preSolution
		Debug|Any CPU = Debug|Any CPU
		Release|Any CPU = Release|Any CPU
	EndGlobalSection
	GlobalSection(ProjectConfigurationPlatforms) = postSolution
		{08F755D1-D996-4109-B879-506F9B13DDDC}.Debug|Any CPU.ActiveCfg = Debug|Any CPU
		{08F755D1-D996-4109-B879-506F9B13DDDC}.Debug|Any CPU.Build.0 = Debug|Any CPU
		{08F755D1-D996-4109-B879-506F9B13DDDC}.Release|Any CPU.ActiveCfg = Release|Any CPU
		{08F755D1-D996-4109-B879-506F9B13DDDC}.Release|Any CPU.Build.0 = Release|Any CPU
		{3D2FF8E7-1556-4E5D-A9DC-1A7C72100952}.Debug|Any CPU.ActiveCfg = Debug|Any CPU
		{3D2FF8E7-1556-4E5D-A9DC-1A7C72100952}.Debug|Any CPU.Build.0 = Debug|Any CPU
		{3D2FF8E7-1556-4E5D-A9DC-1A7C72100952}.Release|Any CPU.ActiveCfg = Release|Any CPU
		{3D2FF8E7-1556-4E5D-A9DC-1A7C72100952}.Release|Any CPU.Build.0 = Release|Any CPU
		{C16C3F82-20A2-462F-8F34-FE524FFBC5A0}.Debug|Any CPU.ActiveCfg = Debug|Any CPU
		{C16C3F82-20A2-462F-8F34-FE524FFBC5A0}.Debug|Any CPU.Build.0 = Debug|Any CPU
		{C16C3F82-20A2-462F-8F34-FE524FFBC5A0}.Release|Any CPU.ActiveCfg = Release|Any CPU
		{C16C3F82-20A2-462F-8F34-FE524FFBC5A0}.Release|Any CPU.Build.0 = Release|Any CPU
		{CD57DAC6-DD61-4C93-8F28-5AED046238CE}.Debug|Any CPU.ActiveCfg = Debug|Any CPU
		{CD57DAC6-DD61-4C93-8F28-5AED046238CE}.Debug|Any CPU.Build.0 = Debug|Any CPU
		{CD57DAC6-DD61-4C93-8F28-5AED046238CE}.Release|Any CPU.ActiveCfg = Release|Any CPU
		{CD57DAC6-DD61-4C93-8F28-5AED046238CE}.Release|Any CPU.Build.0 = Release|Any CPU
		{5BB0745A-ABAE-4626-9BC2-C4787925A96B}.Debug|Any CPU.ActiveCfg = Debug|Any CPU
		{5BB0745A-ABAE-4626-9BC2-C4787925A96B}.Debug|Any CPU.Build.0 = Debug|Any CPU
		{5BB0745A-ABAE-4626-9BC2-C4787925A96B}.Release|Any CPU.ActiveCfg = Release|Any CPU
		{5BB0745A-ABAE-4626-9BC2-C4787925A96B}.Release|Any CPU.Build.0 = Release|Any CPU
	EndGlobalSection
	GlobalSection(SolutionProperties) = preSolution
		HideSolutionNode = FALSE
	EndGlobalSection
	GlobalSection(ExtensibilityGlobals) = postSolution
		SolutionGuid = {3750D762-CC6D-4D4D-86B0-0F409DEC599A}
	EndGlobalSection
EndGlobal
