
Microsoft Visual Studio Solution File, Format Version 12.00
# Visual Studio Version 17
VisualStudioVersion = 17.9.34723.18
MinimumVisualStudioVersion = 10.0.40219.1
Project("{9A19103F-16F7-4668-BE54-9A1E7A4F7556}") = "IngestaoDados", "IngestaoDados\IngestaoDados.csproj", "{543F7BC2-E1E4-4235-A183-FE15D9CDD578}"
EndProject
Project("{9A19103F-16F7-4668-BE54-9A1E7A4F7556}") = "Models", "..\GeracaoDados\Models\Models.csproj", "{20775246-9C2A-4CF6-8C39-5CC49C570B97}"
EndProject
Project("{FAE04EC0-301F-11D3-BF4B-00C04F79EFBC}") = "Controllers", "Controllers\Controllers.csproj", "{8E168566-4612-468D-9426-9E8AE88CAB47}"
EndProject
Project("{FAE04EC0-301F-11D3-BF4B-00C04F79EFBC}") = "Services", "Services\Services.csproj", "{45D991F2-02BA-4CCD-B8FD-70F214412AA5}"
EndProject
Project("{FAE04EC0-301F-11D3-BF4B-00C04F79EFBC}") = "Repositories", "Repositories\Repositories.csproj", "{ADCCE06A-A96A-4B24-B05D-7BE89C3895AB}"
EndProject
Global
	GlobalSection(SolutionConfigurationPlatforms) = preSolution
		Debug|Any CPU = Debug|Any CPU
		Release|Any CPU = Release|Any CPU
	EndGlobalSection
	GlobalSection(ProjectConfigurationPlatforms) = postSolution
		{543F7BC2-E1E4-4235-A183-FE15D9CDD578}.Debug|Any CPU.ActiveCfg = Debug|Any CPU
		{543F7BC2-E1E4-4235-A183-FE15D9CDD578}.Debug|Any CPU.Build.0 = Debug|Any CPU
		{543F7BC2-E1E4-4235-A183-FE15D9CDD578}.Release|Any CPU.ActiveCfg = Release|Any CPU
		{543F7BC2-E1E4-4235-A183-FE15D9CDD578}.Release|Any CPU.Build.0 = Release|Any CPU
		{20775246-9C2A-4CF6-8C39-5CC49C570B97}.Debug|Any CPU.ActiveCfg = Debug|Any CPU
		{20775246-9C2A-4CF6-8C39-5CC49C570B97}.Debug|Any CPU.Build.0 = Debug|Any CPU
		{20775246-9C2A-4CF6-8C39-5CC49C570B97}.Release|Any CPU.ActiveCfg = Release|Any CPU
		{20775246-9C2A-4CF6-8C39-5CC49C570B97}.Release|Any CPU.Build.0 = Release|Any CPU
		{8E168566-4612-468D-9426-9E8AE88CAB47}.Debug|Any CPU.ActiveCfg = Debug|Any CPU
		{8E168566-4612-468D-9426-9E8AE88CAB47}.Debug|Any CPU.Build.0 = Debug|Any CPU
		{8E168566-4612-468D-9426-9E8AE88CAB47}.Release|Any CPU.ActiveCfg = Release|Any CPU
		{8E168566-4612-468D-9426-9E8AE88CAB47}.Release|Any CPU.Build.0 = Release|Any CPU
		{45D991F2-02BA-4CCD-B8FD-70F214412AA5}.Debug|Any CPU.ActiveCfg = Debug|Any CPU
		{45D991F2-02BA-4CCD-B8FD-70F214412AA5}.Debug|Any CPU.Build.0 = Debug|Any CPU
		{45D991F2-02BA-4CCD-B8FD-70F214412AA5}.Release|Any CPU.ActiveCfg = Release|Any CPU
		{45D991F2-02BA-4CCD-B8FD-70F214412AA5}.Release|Any CPU.Build.0 = Release|Any CPU
		{ADCCE06A-A96A-4B24-B05D-7BE89C3895AB}.Debug|Any CPU.ActiveCfg = Debug|Any CPU
		{ADCCE06A-A96A-4B24-B05D-7BE89C3895AB}.Debug|Any CPU.Build.0 = Debug|Any CPU
		{ADCCE06A-A96A-4B24-B05D-7BE89C3895AB}.Release|Any CPU.ActiveCfg = Release|Any CPU
		{ADCCE06A-A96A-4B24-B05D-7BE89C3895AB}.Release|Any CPU.Build.0 = Release|Any CPU
	EndGlobalSection
	GlobalSection(SolutionProperties) = preSolution
		HideSolutionNode = FALSE
	EndGlobalSection
	GlobalSection(ExtensibilityGlobals) = postSolution
		SolutionGuid = {A45C8555-FBA6-4181-B01D-918FEBB617A4}
	EndGlobalSection
EndGlobal
